
Microsoft Visual Studio Solution File, Format Version 12.00
# Visual Studio Version 17
VisualStudioVersion = 17.0.32014.148
MinimumVisualStudioVersion = 10.0.40219.1
Project("{FAE04EC0-301F-11D3-BF4B-00C04F79EFBC}") = "ValidationFactory", "ValidationFactory\ValidationFactory.csproj", "{9690B3DB-6679-4B4F-B8D1-129632828FD7}"
EndProject
Global
	GlobalSection(SolutionConfigurationPlatforms) = preSolution
		Debug|Any CPU = Debug|Any CPU
		Release|Any CPU = Release|Any CPU
	EndGlobalSection
	GlobalSection(ProjectConfigurationPlatforms) = postSolution
		{9690B3DB-6679-4B4F-B8D1-129632828FD7}.Debug|Any CPU.ActiveCfg = Debug|Any CPU
		{9690B3DB-6679-4B4F-B8D1-129632828FD7}.Debug|Any CPU.Build.0 = Debug|Any CPU
		{9690B3DB-6679-4B4F-B8D1-129632828FD7}.Release|Any CPU.ActiveCfg = Release|Any CPU
		{9690B3DB-6679-4B4F-B8D1-129632828FD7}.Release|Any CPU.Build.0 = Release|Any CPU
	EndGlobalSection
	GlobalSection(SolutionProperties) = preSolution
		HideSolutionNode = FALSE
	EndGlobalSection
	GlobalSection(ExtensibilityGlobals) = postSolution
		SolutionGuid = {43DF547A-A828-4BD5-B2A4-821FD4E723E0}
	EndGlobalSection
EndGlobal
